
Microsoft Visual Studio Solution File, Format Version 12.00
# Visual Studio Version 16
VisualStudioVersion = 16.0.29609.76
MinimumVisualStudioVersion = 10.0.40219.1
Project("{FAE04EC0-301F-11D3-BF4B-00C04F79EFBC}") = "AvisFormation.WebUi", "AvisFormation.WebUi\AvisFormation.WebUi.csproj", "{55FE2E71-A053-42F0-8407-0AAEB6B4DEA8}"
EndProject
Project("{FAE04EC0-301F-11D3-BF4B-00C04F79EFBC}") = "AvisFormation.Data", "AvisFormation.Data\AvisFormation.Data.csproj", "{C4D0F706-04C7-4A66-A2B9-54D4F25FBC0F}"
EndProject
Project("{FAE04EC0-301F-11D3-BF4B-00C04F79EFBC}") = "AvisFormation.Logic", "AvisFormation.Logic\AvisFormation.Logic.csproj", "{1CE2FFD5-232F-4A6D-9D31-045710CDA7D2}"
EndProject
Project("{FAE04EC0-301F-11D3-BF4B-00C04F79EFBC}") = "AvisFormations.Data", "AvisFormations.Data\AvisFormations.Data.csproj", "{98C68160-77DA-4131-B35A-3A7997D9A6F8}"
EndProject
Global
	GlobalSection(SolutionConfigurationPlatforms) = preSolution
		Debug|Any CPU = Debug|Any CPU
		Release|Any CPU = Release|Any CPU
	EndGlobalSection
	GlobalSection(ProjectConfigurationPlatforms) = postSolution
		{55FE2E71-A053-42F0-8407-0AAEB6B4DEA8}.Debug|Any CPU.ActiveCfg = Debug|Any CPU
		{55FE2E71-A053-42F0-8407-0AAEB6B4DEA8}.Debug|Any CPU.Build.0 = Debug|Any CPU
		{55FE2E71-A053-42F0-8407-0AAEB6B4DEA8}.Release|Any CPU.ActiveCfg = Release|Any CPU
		{55FE2E71-A053-42F0-8407-0AAEB6B4DEA8}.Release|Any CPU.Build.0 = Release|Any CPU
		{C4D0F706-04C7-4A66-A2B9-54D4F25FBC0F}.Debug|Any CPU.ActiveCfg = Debug|Any CPU
		{C4D0F706-04C7-4A66-A2B9-54D4F25FBC0F}.Debug|Any CPU.Build.0 = Debug|Any CPU
		{C4D0F706-04C7-4A66-A2B9-54D4F25FBC0F}.Release|Any CPU.ActiveCfg = Release|Any CPU
		{C4D0F706-04C7-4A66-A2B9-54D4F25FBC0F}.Release|Any CPU.Build.0 = Release|Any CPU
		{1CE2FFD5-232F-4A6D-9D31-045710CDA7D2}.Debug|Any CPU.ActiveCfg = Debug|Any CPU
		{1CE2FFD5-232F-4A6D-9D31-045710CDA7D2}.Debug|Any CPU.Build.0 = Debug|Any CPU
		{1CE2FFD5-232F-4A6D-9D31-045710CDA7D2}.Release|Any CPU.ActiveCfg = Release|Any CPU
		{1CE2FFD5-232F-4A6D-9D31-045710CDA7D2}.Release|Any CPU.Build.0 = Release|Any CPU
		{98C68160-77DA-4131-B35A-3A7997D9A6F8}.Debug|Any CPU.ActiveCfg = Debug|Any CPU
		{98C68160-77DA-4131-B35A-3A7997D9A6F8}.Debug|Any CPU.Build.0 = Debug|Any CPU
		{98C68160-77DA-4131-B35A-3A7997D9A6F8}.Release|Any CPU.ActiveCfg = Release|Any CPU
		{98C68160-77DA-4131-B35A-3A7997D9A6F8}.Release|Any CPU.Build.0 = Release|Any CPU
	EndGlobalSection
	GlobalSection(SolutionProperties) = preSolution
		HideSolutionNode = FALSE
	EndGlobalSection
	GlobalSection(ExtensibilityGlobals) = postSolution
		SolutionGuid = {3ECDC897-61F8-4655-963C-56EBB5AD4471}
	EndGlobalSection
EndGlobal
